
Microsoft Visual Studio Solution File, Format Version 12.00
# Visual Studio Version 17
VisualStudioVersion = 17.3.32901.215
MinimumVisualStudioVersion = 10.0.40219.1
Project("{FAE04EC0-301F-11D3-BF4B-00C04F79EFBC}") = "P2_2_1184061", "P2_2_1184061\P2_2_1184061.csproj", "{F6B592A9-4951-43A9-BC9B-F35760A7A260}"
EndProject
Global
	GlobalSection(SolutionConfigurationPlatforms) = preSolution
		Debug|Any CPU = Debug|Any CPU
		Release|Any CPU = Release|Any CPU
	EndGlobalSection
	GlobalSection(ProjectConfigurationPlatforms) = postSolution
		{F6B592A9-4951-43A9-BC9B-F35760A7A260}.Debug|Any CPU.ActiveCfg = Debug|Any CPU
		{F6B592A9-4951-43A9-BC9B-F35760A7A260}.Debug|Any CPU.Build.0 = Debug|Any CPU
		{F6B592A9-4951-43A9-BC9B-F35760A7A260}.Release|Any CPU.ActiveCfg = Release|Any CPU
		{F6B592A9-4951-43A9-BC9B-F35760A7A260}.Release|Any CPU.Build.0 = Release|Any CPU
	EndGlobalSection
	GlobalSection(SolutionProperties) = preSolution
		HideSolutionNode = FALSE
	EndGlobalSection
	GlobalSection(ExtensibilityGlobals) = postSolution
		SolutionGuid = {2A165AF1-A5B5-4379-8280-EF0CB686F284}
	EndGlobalSection
EndGlobal
